
Microsoft Visual Studio Solution File, Format Version 12.00
# Visual Studio 15
VisualStudioVersion = 15.0.28010.2003
MinimumVisualStudioVersion = 10.0.40219.1
Project("{FAE04EC0-301F-11D3-BF4B-00C04F79EFBC}") = "QianDuanCode", "QianDuanCode\QianDuanCode.csproj", "{4DD123EA-93EA-4A58-AB6A-774CA9671900}"
EndProject
Global
	GlobalSection(SolutionConfigurationPlatforms) = preSolution
		Debug|Any CPU = Debug|Any CPU
		Release|Any CPU = Release|Any CPU
	EndGlobalSection
	GlobalSection(ProjectConfigurationPlatforms) = postSolution
		{4DD123EA-93EA-4A58-AB6A-774CA9671900}.Debug|Any CPU.ActiveCfg = Debug|Any CPU
		{4DD123EA-93EA-4A58-AB6A-774CA9671900}.Debug|Any CPU.Build.0 = Debug|Any CPU
		{4DD123EA-93EA-4A58-AB6A-774CA9671900}.Release|Any CPU.ActiveCfg = Release|Any CPU
		{4DD123EA-93EA-4A58-AB6A-774CA9671900}.Release|Any CPU.Build.0 = Release|Any CPU
	EndGlobalSection
	GlobalSection(SolutionProperties) = preSolution
		HideSolutionNode = FALSE
	EndGlobalSection
	GlobalSection(ExtensibilityGlobals) = postSolution
		SolutionGuid = {DCC9C6E6-CBBA-4029-96A5-A8B3ED914D18}
	EndGlobalSection
EndGlobal
