
Microsoft Visual Studio Solution File, Format Version 12.00
# Visual Studio 15
VisualStudioVersion = 15.0.28010.2050
MinimumVisualStudioVersion = 10.0.40219.1
Project("{FAE04EC0-301F-11D3-BF4B-00C04F79EFBC}") = "Knowledge", "Knowledge\Knowledge.csproj", "{A24702CE-9815-41F7-8D08-74504E1CBBF4}"
EndProject
Project("{FAE04EC0-301F-11D3-BF4B-00C04F79EFBC}") = "Async", "Async\Async.csproj", "{1C49C902-2A2D-48D1-B385-E48AE4E91142}"
EndProject
Project("{FAE04EC0-301F-11D3-BF4B-00C04F79EFBC}") = "Mvc", "Mvc\Mvc.csproj", "{3653231A-DD94-4746-BFB0-A647316BEB10}"
EndProject
Global
	GlobalSection(SolutionConfigurationPlatforms) = preSolution
		Debug|Any CPU = Debug|Any CPU
		Release|Any CPU = Release|Any CPU
	EndGlobalSection
	GlobalSection(ProjectConfigurationPlatforms) = postSolution
		{A24702CE-9815-41F7-8D08-74504E1CBBF4}.Debug|Any CPU.ActiveCfg = Debug|Any CPU
		{A24702CE-9815-41F7-8D08-74504E1CBBF4}.Debug|Any CPU.Build.0 = Debug|Any CPU
		{A24702CE-9815-41F7-8D08-74504E1CBBF4}.Release|Any CPU.ActiveCfg = Release|Any CPU
		{A24702CE-9815-41F7-8D08-74504E1CBBF4}.Release|Any CPU.Build.0 = Release|Any CPU
		{1C49C902-2A2D-48D1-B385-E48AE4E91142}.Debug|Any CPU.ActiveCfg = Debug|Any CPU
		{1C49C902-2A2D-48D1-B385-E48AE4E91142}.Debug|Any CPU.Build.0 = Debug|Any CPU
		{1C49C902-2A2D-48D1-B385-E48AE4E91142}.Release|Any CPU.ActiveCfg = Release|Any CPU
		{1C49C902-2A2D-48D1-B385-E48AE4E91142}.Release|Any CPU.Build.0 = Release|Any CPU
		{3653231A-DD94-4746-BFB0-A647316BEB10}.Debug|Any CPU.ActiveCfg = Debug|Any CPU
		{3653231A-DD94-4746-BFB0-A647316BEB10}.Debug|Any CPU.Build.0 = Debug|Any CPU
		{3653231A-DD94-4746-BFB0-A647316BEB10}.Release|Any CPU.ActiveCfg = Release|Any CPU
		{3653231A-DD94-4746-BFB0-A647316BEB10}.Release|Any CPU.Build.0 = Release|Any CPU
	EndGlobalSection
	GlobalSection(SolutionProperties) = preSolution
		HideSolutionNode = FALSE
	EndGlobalSection
	GlobalSection(ExtensibilityGlobals) = postSolution
		SolutionGuid = {6EC6629B-DC70-4F98-931B-C579ACC7CDDF}
	EndGlobalSection
EndGlobal
