
Microsoft Visual Studio Solution File, Format Version 12.00
# Visual Studio 15
VisualStudioVersion = 15.0.28307.902
MinimumVisualStudioVersion = 10.0.40219.1
Project("{FAE04EC0-301F-11D3-BF4B-00C04F79EFBC}") = "Mq", "Mq\Mq.csproj", "{4D41135F-93FB-44BE-8B0D-081CBA8B77B9}"
EndProject
Project("{FAE04EC0-301F-11D3-BF4B-00C04F79EFBC}") = "LocatorMode", "LocatorMode\LocatorMode.csproj", "{4DD4EEDB-CC44-41E4-A169-40DC7E619147}"
EndProject
Global
	GlobalSection(SolutionConfigurationPlatforms) = preSolution
		Debug|Any CPU = Debug|Any CPU
		Release|Any CPU = Release|Any CPU
	EndGlobalSection
	GlobalSection(ProjectConfigurationPlatforms) = postSolution
		{4D41135F-93FB-44BE-8B0D-081CBA8B77B9}.Debug|Any CPU.ActiveCfg = Debug|Any CPU
		{4D41135F-93FB-44BE-8B0D-081CBA8B77B9}.Debug|Any CPU.Build.0 = Debug|Any CPU
		{4D41135F-93FB-44BE-8B0D-081CBA8B77B9}.Release|Any CPU.ActiveCfg = Release|Any CPU
		{4D41135F-93FB-44BE-8B0D-081CBA8B77B9}.Release|Any CPU.Build.0 = Release|Any CPU
		{4DD4EEDB-CC44-41E4-A169-40DC7E619147}.Debug|Any CPU.ActiveCfg = Debug|Any CPU
		{4DD4EEDB-CC44-41E4-A169-40DC7E619147}.Debug|Any CPU.Build.0 = Debug|Any CPU
		{4DD4EEDB-CC44-41E4-A169-40DC7E619147}.Release|Any CPU.ActiveCfg = Release|Any CPU
		{4DD4EEDB-CC44-41E4-A169-40DC7E619147}.Release|Any CPU.Build.0 = Release|Any CPU
	EndGlobalSection
	GlobalSection(SolutionProperties) = preSolution
		HideSolutionNode = FALSE
	EndGlobalSection
	GlobalSection(ExtensibilityGlobals) = postSolution
		SolutionGuid = {556AB685-9ADE-4D45-AF8E-BB418B0D9477}
	EndGlobalSection
EndGlobal
